{
  "name": "readfile",
  "version": "1.0.0",
  "lockfileVersion": 2,
  "requires": true,
  "packages": {
    "": {
      "name": "readfile",
      "version": "1.0.0",
      "license": "ISC",
      "dependencies": {
        "bagpipe": "^0.3.5",
        "filequeue": "^0.5.0"
      }
    },
    "node_modules/bagpipe": {
      "version": "0.3.5",
      "resolved": "https://registry.npmmirror.com/bagpipe/-/bagpipe-0.3.5.tgz",
      "integrity": "sha512-42sAlmPDKes1nLm/aly+0VdaopSU9br+jkRELedhQxI5uXHgtk47I83Mpmf4zoNTRMASdLFtUkimlu/Z9zQ8+g=="
    },
    "node_modules/filequeue": {
      "version": "0.5.0",
      "resolved": "https://registry.npmmirror.com/filequeue/-/filequeue-0.5.0.tgz",
      "integrity": "sha512-LAuEMLbSg9ND8ELbRQ+gg8N4RIEQd0PXWQbuhGBlBk+t8HTLeTdvM+xt/hGdNDgT5ftDuHHZC1+ty0HKJzXOdg==",
      "engines": {
        "node": "0.10.x"
      }
    }
  },
  "dependencies": {
    "bagpipe": {
      "version": "0.3.5",
      "resolved": "https://registry.npmmirror.com/bagpipe/-/bagpipe-0.3.5.tgz",
      "integrity": "sha512-42sAlmPDKes1nLm/aly+0VdaopSU9br+jkRELedhQxI5uXHgtk47I83Mpmf4zoNTRMASdLFtUkimlu/Z9zQ8+g=="
    },
    "filequeue": {
      "version": "0.5.0",
      "resolved": "https://registry.npmmirror.com/filequeue/-/filequeue-0.5.0.tgz",
      "integrity": "sha512-LAuEMLbSg9ND8ELbRQ+gg8N4RIEQd0PXWQbuhGBlBk+t8HTLeTdvM+xt/hGdNDgT5ftDuHHZC1+ty0HKJzXOdg=="
    }
  }
}
